<?xml version="1.0" encoding="UTF-8"?>
<CodeBlocks_project_file>
	<FileVersion major="1" minor="6"/>
	<Project>
		<Option title="First_Program"/>
		<Option makefile_is_custom="1"/>
		<Option compiler="gcc"/>
		<Option virtualFolders="CMake Files\;"/>
		<Build>
			<Target title="all">
				<Option working_dir="C:/Users/THP/Desktop/qt/build-First_Program-Desktop_Qt_5_10_0_MinGW_32bit-Default"/>
				<Option type="4"/>
				<MakeCommands>
					<Build command="C:/Qt/Tools/mingw530_32/bin/mingw32-make.exe -f &quot;C:/Users/THP/Desktop/qt/build-First_Program-Desktop_Qt_5_10_0_MinGW_32bit-Default/Makefile&quot;  VERBOSE=1 all"/>
					<CompileFile command="C:/Qt/Tools/mingw530_32/bin/mingw32-make.exe -f &quot;C:/Users/THP/Desktop/qt/build-First_Program-Desktop_Qt_5_10_0_MinGW_32bit-Default/Makefile&quot;  VERBOSE=1 &quot;$file&quot;"/>
					<Clean command="C:/Qt/Tools/mingw530_32/bin/mingw32-make.exe -f &quot;C:/Users/THP/Desktop/qt/build-First_Program-Desktop_Qt_5_10_0_MinGW_32bit-Default/Makefile&quot;  VERBOSE=1 clean"/>
					<DistClean command="C:/Qt/Tools/mingw530_32/bin/mingw32-make.exe -f &quot;C:/Users/THP/Desktop/qt/build-First_Program-Desktop_Qt_5_10_0_MinGW_32bit-Default/Makefile&quot;  VERBOSE=1 clean"/>
				</MakeCommands>
			</Target>
			<Target title="rebuild_cache">
				<Option working_dir="C:/Users/THP/Desktop/qt/build-First_Program-Desktop_Qt_5_10_0_MinGW_32bit-Default"/>
				<Option type="4"/>
				<MakeCommands>
					<Build command="C:/Qt/Tools/mingw530_32/bin/mingw32-make.exe -f &quot;C:/Users/THP/Desktop/qt/build-First_Program-Desktop_Qt_5_10_0_MinGW_32bit-Default/Makefile&quot;  VERBOSE=1 rebuild_cache"/>
					<CompileFile command="C:/Qt/Tools/mingw530_32/bin/mingw32-make.exe -f &quot;C:/Users/THP/Desktop/qt/build-First_Program-Desktop_Qt_5_10_0_MinGW_32bit-Default/Makefile&quot;  VERBOSE=1 &quot;$file&quot;"/>
					<Clean command="C:/Qt/Tools/mingw530_32/bin/mingw32-make.exe -f &quot;C:/Users/THP/Desktop/qt/build-First_Program-Desktop_Qt_5_10_0_MinGW_32bit-Default/Makefile&quot;  VERBOSE=1 clean"/>
					<DistClean command="C:/Qt/Tools/mingw530_32/bin/mingw32-make.exe -f &quot;C:/Users/THP/Desktop/qt/build-First_Program-Desktop_Qt_5_10_0_MinGW_32bit-Default/Makefile&quot;  VERBOSE=1 clean"/>
				</MakeCommands>
			</Target>
			<Target title="First_Program">
				<Option output="C:/Users/THP/Desktop/qt/build-First_Program-Desktop_Qt_5_10_0_MinGW_32bit-Default/First_Program.exe" prefix_auto="0" extension_auto="0"/>
				<Option working_dir="C:/Users/THP/Desktop/qt/build-First_Program-Desktop_Qt_5_10_0_MinGW_32bit-Default"/>
				<Option object_output="./"/>
				<Option type="1"/>
				<Option compiler="gcc"/>
				<Compiler>
					<Add directory="C:/Qt/Tools/mingw530_32/bin/../lib/gcc/i686-w64-mingw32/5.3.0/include"/>
					<Add directory="C:/Qt/Tools/mingw530_32/bin/../lib/gcc/i686-w64-mingw32/5.3.0/include-fixed"/>
					<Add directory="C:/Qt/Tools/mingw530_32/bin/../lib/gcc/i686-w64-mingw32/5.3.0/../../../../i686-w64-mingw32/include"/>
					<Add directory="C:/Qt/Tools/mingw530_32/lib/gcc/../../i686-w64-mingw32/include/c++"/>
					<Add directory="C:/Qt/Tools/mingw530_32/lib/gcc/../../i686-w64-mingw32/include/c++/i686-w64-mingw32"/>
					<Add directory="C:/Qt/Tools/mingw530_32/lib/gcc/../../i686-w64-mingw32/include/c++/backward"/>
				</Compiler>
				<MakeCommands>
					<Build command="C:/Qt/Tools/mingw530_32/bin/mingw32-make.exe -f &quot;C:/Users/THP/Desktop/qt/build-First_Program-Desktop_Qt_5_10_0_MinGW_32bit-Default/Makefile&quot;  VERBOSE=1 First_Program"/>
					<CompileFile command="C:/Qt/Tools/mingw530_32/bin/mingw32-make.exe -f &quot;C:/Users/THP/Desktop/qt/build-First_Program-Desktop_Qt_5_10_0_MinGW_32bit-Default/Makefile&quot;  VERBOSE=1 &quot;$file&quot;"/>
					<Clean command="C:/Qt/Tools/mingw530_32/bin/mingw32-make.exe -f &quot;C:/Users/THP/Desktop/qt/build-First_Program-Desktop_Qt_5_10_0_MinGW_32bit-Default/Makefile&quot;  VERBOSE=1 clean"/>
					<DistClean command="C:/Qt/Tools/mingw530_32/bin/mingw32-make.exe -f &quot;C:/Users/THP/Desktop/qt/build-First_Program-Desktop_Qt_5_10_0_MinGW_32bit-Default/Makefile&quot;  VERBOSE=1 clean"/>
				</MakeCommands>
			</Target>
			<Target title="First_Program/fast">
				<Option output="C:/Users/THP/Desktop/qt/build-First_Program-Desktop_Qt_5_10_0_MinGW_32bit-Default/First_Program.exe" prefix_auto="0" extension_auto="0"/>
				<Option working_dir="C:/Users/THP/Desktop/qt/build-First_Program-Desktop_Qt_5_10_0_MinGW_32bit-Default"/>
				<Option object_output="./"/>
				<Option type="1"/>
				<Option compiler="gcc"/>
				<Compiler>
					<Add directory="C:/Qt/Tools/mingw530_32/bin/../lib/gcc/i686-w64-mingw32/5.3.0/include"/>
					<Add directory="C:/Qt/Tools/mingw530_32/bin/../lib/gcc/i686-w64-mingw32/5.3.0/include-fixed"/>
					<Add directory="C:/Qt/Tools/mingw530_32/bin/../lib/gcc/i686-w64-mingw32/5.3.0/../../../../i686-w64-mingw32/include"/>
					<Add directory="C:/Qt/Tools/mingw530_32/lib/gcc/../../i686-w64-mingw32/include/c++"/>
					<Add directory="C:/Qt/Tools/mingw530_32/lib/gcc/../../i686-w64-mingw32/include/c++/i686-w64-mingw32"/>
					<Add directory="C:/Qt/Tools/mingw530_32/lib/gcc/../../i686-w64-mingw32/include/c++/backward"/>
				</Compiler>
				<MakeCommands>
					<Build command="C:/Qt/Tools/mingw530_32/bin/mingw32-make.exe -f &quot;C:/Users/THP/Desktop/qt/build-First_Program-Desktop_Qt_5_10_0_MinGW_32bit-Default/Makefile&quot;  VERBOSE=1 First_Program/fast"/>
					<CompileFile command="C:/Qt/Tools/mingw530_32/bin/mingw32-make.exe -f &quot;C:/Users/THP/Desktop/qt/build-First_Program-Desktop_Qt_5_10_0_MinGW_32bit-Default/Makefile&quot;  VERBOSE=1 &quot;$file&quot;"/>
					<Clean command="C:/Qt/Tools/mingw530_32/bin/mingw32-make.exe -f &quot;C:/Users/THP/Desktop/qt/build-First_Program-Desktop_Qt_5_10_0_MinGW_32bit-Default/Makefile&quot;  VERBOSE=1 clean"/>
					<DistClean command="C:/Qt/Tools/mingw530_32/bin/mingw32-make.exe -f &quot;C:/Users/THP/Desktop/qt/build-First_Program-Desktop_Qt_5_10_0_MinGW_32bit-Default/Makefile&quot;  VERBOSE=1 clean"/>
				</MakeCommands>
			</Target>
			<Target title="edit_cache">
				<Option working_dir="C:/Users/THP/Desktop/qt/build-First_Program-Desktop_Qt_5_10_0_MinGW_32bit-Default"/>
				<Option type="4"/>
				<MakeCommands>
					<Build command="C:/Qt/Tools/mingw530_32/bin/mingw32-make.exe -f &quot;C:/Users/THP/Desktop/qt/build-First_Program-Desktop_Qt_5_10_0_MinGW_32bit-Default/Makefile&quot;  VERBOSE=1 edit_cache"/>
					<CompileFile command="C:/Qt/Tools/mingw530_32/bin/mingw32-make.exe -f &quot;C:/Users/THP/Desktop/qt/build-First_Program-Desktop_Qt_5_10_0_MinGW_32bit-Default/Makefile&quot;  VERBOSE=1 &quot;$file&quot;"/>
					<Clean command="C:/Qt/Tools/mingw530_32/bin/mingw32-make.exe -f &quot;C:/Users/THP/Desktop/qt/build-First_Program-Desktop_Qt_5_10_0_MinGW_32bit-Default/Makefile&quot;  VERBOSE=1 clean"/>
					<DistClean command="C:/Qt/Tools/mingw530_32/bin/mingw32-make.exe -f &quot;C:/Users/THP/Desktop/qt/build-First_Program-Desktop_Qt_5_10_0_MinGW_32bit-Default/Makefile&quot;  VERBOSE=1 clean"/>
				</MakeCommands>
			</Target>
		</Build>
		<Unit filename="C:/Users/THP/Desktop/qt/First_Program/main.cpp">
			<Option target="First_Program"/>
		</Unit>
		<Unit filename="C:/Users/THP/Desktop/qt/First_Program/CMakeLists.txt">
			<Option virtualFolder="CMake Files\"/>
		</Unit>
	</Project>
</CodeBlocks_project_file>
